
Microsoft Visual Studio Solution File, Format Version 12.00
# Visual Studio 2013
VisualStudioVersion = 12.0.21005.1
MinimumVisualStudioVersion = 10.0.40219.1
Project("{FAE04EC0-301F-11D3-BF4B-00C04F79EFBC}") = "SilentEvil", "SilentEvil\SilentEvil.csproj", "{D0C8ED7B-EE26-4477-A084-8F569553260A}"
EndProject
Project("{2150E333-8FDC-42A3-9474-1A3956D46DE8}") = ".nuget", ".nuget", "{234B90F8-E61C-4B78-9AA9-2D8A5784456D}"
	ProjectSection(SolutionItems) = preProject
		.nuget\packages.config = .nuget\packages.config
	EndProjectSection
EndProject
Global
	GlobalSection(SolutionConfigurationPlatforms) = preSolution
		Debug|Any CPU = Debug|Any CPU
		Debug|x86 = Debug|x86
		Release|Any CPU = Release|Any CPU
		Release|x86 = Release|x86
	EndGlobalSection
	GlobalSection(ProjectConfigurationPlatforms) = postSolution
		{D0C8ED7B-EE26-4477-A084-8F569553260A}.Debug|Any CPU.ActiveCfg = Debug|Any CPU
		{D0C8ED7B-EE26-4477-A084-8F569553260A}.Debug|Any CPU.Build.0 = Debug|Any CPU
		{D0C8ED7B-EE26-4477-A084-8F569553260A}.Debug|x86.ActiveCfg = Debug|x86
		{D0C8ED7B-EE26-4477-A084-8F569553260A}.Debug|x86.Build.0 = Debug|x86
		{D0C8ED7B-EE26-4477-A084-8F569553260A}.Release|Any CPU.ActiveCfg = Release|Any CPU
		{D0C8ED7B-EE26-4477-A084-8F569553260A}.Release|Any CPU.Build.0 = Release|Any CPU
		{D0C8ED7B-EE26-4477-A084-8F569553260A}.Release|x86.ActiveCfg = Release|x86
		{D0C8ED7B-EE26-4477-A084-8F569553260A}.Release|x86.Build.0 = Release|x86
	EndGlobalSection
	GlobalSection(SolutionProperties) = preSolution
		HideSolutionNode = FALSE
	EndGlobalSection
EndGlobal
